
Microsoft Visual Studio Solution File, Format Version 12.00
# Visual Studio 14
VisualStudioVersion = 14.0.25420.1
MinimumVisualStudioVersion = 10.0.40219.1
Project("{2150E333-8FDC-42A3-9474-1A3956D46DE8}") = "0 - Presentation", "0 - Presentation", "{E06F149D-F4B6-4394-8AF1-B5F66069E1FD}"
EndProject
Project("{2150E333-8FDC-42A3-9474-1A3956D46DE8}") = "1 - Application", "1 - Application", "{D22C74C2-D410-4524-8512-CB0A71FD100A}"
EndProject
Project("{2150E333-8FDC-42A3-9474-1A3956D46DE8}") = "2 - Service", "2 - Service", "{853240B8-C7F2-4C2B-91CD-6864C8E37EF7}"
EndProject
Project("{2150E333-8FDC-42A3-9474-1A3956D46DE8}") = "3 - Domain", "3 - Domain", "{5F33840C-20A7-4E13-8117-76AC236B8791}"
EndProject
Project("{2150E333-8FDC-42A3-9474-1A3956D46DE8}") = "4 - Infrastructure", "4 - Infrastructure", "{0838A264-A3DF-4BAD-93E2-3420C2DAD20E}"
EndProject
Project("{FAE04EC0-301F-11D3-BF4B-00C04F79EFBC}") = "LearningDDD.Presentation", "LearningDDD.Presentation\LearningDDD.Presentation.csproj", "{7B442166-807B-4A80-A536-6EEDF7B81714}"
EndProject
Project("{FAE04EC0-301F-11D3-BF4B-00C04F79EFBC}") = "LearningDDD.Presentation.Tests", "LearningDDD.Presentation.Tests\LearningDDD.Presentation.Tests.csproj", "{E80C7B47-50BF-4DCE-B02D-877DF2AB4786}"
EndProject
Project("{FAE04EC0-301F-11D3-BF4B-00C04F79EFBC}") = "LearningDDD.Domain", "LearningDDD.Domain\LearningDDD.Domain.csproj", "{881F4FDE-FB2D-4D85-922D-B212C4430DB0}"
EndProject
Project("{2150E333-8FDC-42A3-9474-1A3956D46DE8}") = "4.1 - Data", "4.1 - Data", "{D47D7239-4D93-46CB-B6CD-2A4C767D1419}"
EndProject
Project("{FAE04EC0-301F-11D3-BF4B-00C04F79EFBC}") = "LearningDDD.Infrastructure.Data", "LearningDDD.Infrastructure.Data\LearningDDD.Infrastructure.Data.csproj", "{03D849B9-0FE7-48CF-98EC-C3B9C3527ECA}"
EndProject
Project("{FAE04EC0-301F-11D3-BF4B-00C04F79EFBC}") = "LearningDDD.Application", "LearningDDD.Application\LearningDDD.Application.csproj", "{2AAAED4E-73C5-4C97-A60E-D88045FEF4A3}"
EndProject
Global
	GlobalSection(SolutionConfigurationPlatforms) = preSolution
		Debug|Any CPU = Debug|Any CPU
		Release|Any CPU = Release|Any CPU
	EndGlobalSection
	GlobalSection(ProjectConfigurationPlatforms) = postSolution
		{7B442166-807B-4A80-A536-6EEDF7B81714}.Debug|Any CPU.ActiveCfg = Debug|Any CPU
		{7B442166-807B-4A80-A536-6EEDF7B81714}.Debug|Any CPU.Build.0 = Debug|Any CPU
		{7B442166-807B-4A80-A536-6EEDF7B81714}.Release|Any CPU.ActiveCfg = Release|Any CPU
		{7B442166-807B-4A80-A536-6EEDF7B81714}.Release|Any CPU.Build.0 = Release|Any CPU
		{E80C7B47-50BF-4DCE-B02D-877DF2AB4786}.Debug|Any CPU.ActiveCfg = Debug|Any CPU
		{E80C7B47-50BF-4DCE-B02D-877DF2AB4786}.Debug|Any CPU.Build.0 = Debug|Any CPU
		{E80C7B47-50BF-4DCE-B02D-877DF2AB4786}.Release|Any CPU.ActiveCfg = Release|Any CPU
		{E80C7B47-50BF-4DCE-B02D-877DF2AB4786}.Release|Any CPU.Build.0 = Release|Any CPU
		{881F4FDE-FB2D-4D85-922D-B212C4430DB0}.Debug|Any CPU.ActiveCfg = Debug|Any CPU
		{881F4FDE-FB2D-4D85-922D-B212C4430DB0}.Debug|Any CPU.Build.0 = Debug|Any CPU
		{881F4FDE-FB2D-4D85-922D-B212C4430DB0}.Release|Any CPU.ActiveCfg = Release|Any CPU
		{881F4FDE-FB2D-4D85-922D-B212C4430DB0}.Release|Any CPU.Build.0 = Release|Any CPU
		{03D849B9-0FE7-48CF-98EC-C3B9C3527ECA}.Debug|Any CPU.ActiveCfg = Debug|Any CPU
		{03D849B9-0FE7-48CF-98EC-C3B9C3527ECA}.Debug|Any CPU.Build.0 = Debug|Any CPU
		{03D849B9-0FE7-48CF-98EC-C3B9C3527ECA}.Release|Any CPU.ActiveCfg = Release|Any CPU
		{03D849B9-0FE7-48CF-98EC-C3B9C3527ECA}.Release|Any CPU.Build.0 = Release|Any CPU
		{2AAAED4E-73C5-4C97-A60E-D88045FEF4A3}.Debug|Any CPU.ActiveCfg = Debug|Any CPU
		{2AAAED4E-73C5-4C97-A60E-D88045FEF4A3}.Debug|Any CPU.Build.0 = Debug|Any CPU
		{2AAAED4E-73C5-4C97-A60E-D88045FEF4A3}.Release|Any CPU.ActiveCfg = Release|Any CPU
		{2AAAED4E-73C5-4C97-A60E-D88045FEF4A3}.Release|Any CPU.Build.0 = Release|Any CPU
	EndGlobalSection
	GlobalSection(SolutionProperties) = preSolution
		HideSolutionNode = FALSE
	EndGlobalSection
	GlobalSection(NestedProjects) = preSolution
		{7B442166-807B-4A80-A536-6EEDF7B81714} = {E06F149D-F4B6-4394-8AF1-B5F66069E1FD}
		{E80C7B47-50BF-4DCE-B02D-877DF2AB4786} = {E06F149D-F4B6-4394-8AF1-B5F66069E1FD}
		{881F4FDE-FB2D-4D85-922D-B212C4430DB0} = {5F33840C-20A7-4E13-8117-76AC236B8791}
		{D47D7239-4D93-46CB-B6CD-2A4C767D1419} = {0838A264-A3DF-4BAD-93E2-3420C2DAD20E}
		{03D849B9-0FE7-48CF-98EC-C3B9C3527ECA} = {D47D7239-4D93-46CB-B6CD-2A4C767D1419}
		{2AAAED4E-73C5-4C97-A60E-D88045FEF4A3} = {D22C74C2-D410-4524-8512-CB0A71FD100A}
	EndGlobalSection
EndGlobal
